{
    "_readme": [
        "This file locks the dependencies of your project to a known state",
        "Read more about it at https://getcomposer.org/doc/01-basic-usage.md#installing-dependencies",
        "This file is @generated automatically"
    ],
    "content-hash": "0e4aec78830bed1780b7d787a564349c",
    "packages": [
        {
            "name": "hard-g/buddypress-12.0-url-polyfills",
            "version": "1.0.0",
            "source": {
                "type": "git",
                "url": "https://github.com/hard-g/buddypress-12.0-url-polyfills.git",
                "reference": "4796efdbf4be3f790efb89006f1e4ddaf4ffd0db"
            },
            "dist": {
                "type": "zip",
                "url": "https://api.github.com/repos/hard-g/buddypress-12.0-url-polyfills/zipball/4796efdbf4be3f790efb89006f1e4ddaf4ffd0db",
                "reference": "4796efdbf4be3f790efb89006f1e4ddaf4ffd0db",
                "shasum": ""
            },
            "type": "library",
            "autoload": {
                "psr-4": {
                    "HardG\\BuddyPress120URLPolyfills\\": "src/"
                }
            },
            "notification-url": "https://packagist.org/downloads/",
            "license": [
                "GPL-3.0-or-later"
            ],
            "authors": [
                {
                    "name": "Boone B Gorges",
                    "email": "boonebgorges@gmail.com"
                }
            ],
            "description": "Polyfills for URL-related functions introduced in BuddyPress 12.0.",
            "time": "2023-10-20T15:55:47+00:00"
        }
    ],
    "packages-dev": [],
    "aliases": [],
    "minimum-stability": "stable",
    "stability-flags": [],
    "prefer-stable": false,
    "prefer-lowest": false,
    "platform": [],
    "platform-dev": [],
    "plugin-api-version": "1.1.0"
}
